
Microsoft Visual Studio Solution File, Format Version 12.00
# Visual Studio Version 16
VisualStudioVersion = 16.0.30523.141
MinimumVisualStudioVersion = 10.0.40219.1
Project("{FAE04EC0-301F-11D3-BF4B-00C04F79EFBC}") = "PieShop.UI", "..\PieShop.UI\PieShop.UI.csproj", "{BC6F4DEA-BA38-4E5F-A597-292E24F9D3E0}"
EndProject
Project("{FAE04EC0-301F-11D3-BF4B-00C04F79EFBC}") = "PieShop.Models", "..\PieShop.Models\PieShop.Models.csproj", "{F366C2C1-A56C-4952-A323-C1B0C0E1E167}"
EndProject
Project("{FAE04EC0-301F-11D3-BF4B-00C04F79EFBC}") = "PieShop.Data", "..\PieShop.Data\PieShop.Data.csproj", "{3904D8EA-EDF3-40BC-BF30-AACABAE02696}"
EndProject
Global
	GlobalSection(SolutionConfigurationPlatforms) = preSolution
		Debug|Any CPU = Debug|Any CPU
		Release|Any CPU = Release|Any CPU
	EndGlobalSection
	GlobalSection(ProjectConfigurationPlatforms) = postSolution
		{BC6F4DEA-BA38-4E5F-A597-292E24F9D3E0}.Debug|Any CPU.ActiveCfg = Debug|Any CPU
		{BC6F4DEA-BA38-4E5F-A597-292E24F9D3E0}.Debug|Any CPU.Build.0 = Debug|Any CPU
		{BC6F4DEA-BA38-4E5F-A597-292E24F9D3E0}.Release|Any CPU.ActiveCfg = Release|Any CPU
		{BC6F4DEA-BA38-4E5F-A597-292E24F9D3E0}.Release|Any CPU.Build.0 = Release|Any CPU
		{F366C2C1-A56C-4952-A323-C1B0C0E1E167}.Debug|Any CPU.ActiveCfg = Debug|Any CPU
		{F366C2C1-A56C-4952-A323-C1B0C0E1E167}.Debug|Any CPU.Build.0 = Debug|Any CPU
		{F366C2C1-A56C-4952-A323-C1B0C0E1E167}.Release|Any CPU.ActiveCfg = Release|Any CPU
		{F366C2C1-A56C-4952-A323-C1B0C0E1E167}.Release|Any CPU.Build.0 = Release|Any CPU
		{3904D8EA-EDF3-40BC-BF30-AACABAE02696}.Debug|Any CPU.ActiveCfg = Debug|Any CPU
		{3904D8EA-EDF3-40BC-BF30-AACABAE02696}.Debug|Any CPU.Build.0 = Debug|Any CPU
		{3904D8EA-EDF3-40BC-BF30-AACABAE02696}.Release|Any CPU.ActiveCfg = Release|Any CPU
		{3904D8EA-EDF3-40BC-BF30-AACABAE02696}.Release|Any CPU.Build.0 = Release|Any CPU
	EndGlobalSection
	GlobalSection(SolutionProperties) = preSolution
		HideSolutionNode = FALSE
	EndGlobalSection
	GlobalSection(ExtensibilityGlobals) = postSolution
		SolutionGuid = {DBB3F74B-1F5A-42C2-895F-2C5E30A6EC40}
	EndGlobalSection
EndGlobal
